// !$*UTF8*$!
{
	archiveVersion = 1;
	classes = {
	};
	objectVersion = 46;
	objects = {

/* Begin PBXBuildFile section */
		18E4D7291AD5836100A4FF2E /* main.m in Sources */ = {isa = PBXBuildFile; fileRef = 18E4D7281AD5836100A4FF2E /* main.m */; };
		18E4D72C1AD5836100A4FF2E /* AppDelegate.m in Sources */ = {isa = PBXBuildFile; fileRef = 18E4D72B1AD5836100A4FF2E /* AppDelegate.m */; };
		18E4D72E1AD5836200A4FF2E /* art.scnassets in Resources */ = {isa = PBXBuildFile; fileRef = 18E4D72D1AD5836200A4FF2E /* art.scnassets */; };
		18E4D7361AD5836200A4FF2E /* Images.xcassets in Resources */ = {isa = PBXBuildFile; fileRef = 18E4D7351AD5836200A4FF2E /* Images.xcassets */; };
		18E4D7451AD5836200A4FF2E /* MobilePrintTests.m in Sources */ = {isa = PBXBuildFile; fileRef = 18E4D7441AD5836200A4FF2E /* MobilePrintTests.m */; };
		18E4D75A1AD588E900A4FF2E /* MPTabBarController.m in Sources */ = {isa = PBXBuildFile; fileRef = 18E4D7591AD588E900A4FF2E /* MPTabBarController.m */; };
		18E4D75D1AD5890100A4FF2E /* MPBasicViewController.m in Sources */ = {isa = PBXBuildFile; fileRef = 18E4D75C1AD5890100A4FF2E /* MPBasicViewController.m */; };
		18E4D7601AD5893000A4FF2E /* MPBasicModel.m in Sources */ = {isa = PBXBuildFile; fileRef = 18E4D75F1AD5893000A4FF2E /* MPBasicModel.m */; };
		18E4D7631AD5895B00A4FF2E /* MPHomeViewController.m in Sources */ = {isa = PBXBuildFile; fileRef = 18E4D7621AD5895B00A4FF2E /* MPHomeViewController.m */; };
		18E4D76B1AD58DE000A4FF2E /* MPDrawBoardViewController.m in Sources */ = {isa = PBXBuildFile; fileRef = 18E4D76A1AD58DE000A4FF2E /* MPDrawBoardViewController.m */; };
		2821BCFA1B256828009B69D3 /* MPHomeCollectionCell.m in Sources */ = {isa = PBXBuildFile; fileRef = 2821BCF91B256828009B69D3 /* MPHomeCollectionCell.m */; };
		2821BD151B256C8A009B69D3 /* Info.plist in Resources */ = {isa = PBXBuildFile; fileRef = 2821BCFD1B256C8A009B69D3 /* Info.plist */; };
		2821BD161B256C8A009B69D3 /* MASCompositeConstraint.m in Sources */ = {isa = PBXBuildFile; fileRef = 2821BCFF1B256C8A009B69D3 /* MASCompositeConstraint.m */; };
		2821BD171B256C8A009B69D3 /* MASConstraint.m in Sources */ = {isa = PBXBuildFile; fileRef = 2821BD021B256C8A009B69D3 /* MASConstraint.m */; };
		2821BD181B256C8A009B69D3 /* MASConstraintMaker.m in Sources */ = {isa = PBXBuildFile; fileRef = 2821BD041B256C8A009B69D3 /* MASConstraintMaker.m */; };
		2821BD191B256C8A009B69D3 /* MASLayoutConstraint.m in Sources */ = {isa = PBXBuildFile; fileRef = 2821BD061B256C8A009B69D3 /* MASLayoutConstraint.m */; };
		2821BD1A1B256C8A009B69D3 /* MASViewAttribute.m in Sources */ = {isa = PBXBuildFile; fileRef = 2821BD0A1B256C8A009B69D3 /* MASViewAttribute.m */; };
		2821BD1B1B256C8A009B69D3 /* MASViewConstraint.m in Sources */ = {isa = PBXBuildFile; fileRef = 2821BD0C1B256C8A009B69D3 /* MASViewConstraint.m */; };
		2821BD1C1B256C8A009B69D3 /* NSArray+MASAdditions.m in Sources */ = {isa = PBXBuildFile; fileRef = 2821BD0E1B256C8A009B69D3 /* NSArray+MASAdditions.m */; };
		2821BD1D1B256C8A009B69D3 /* NSLayoutConstraint+MASDebugAdditions.m in Sources */ = {isa = PBXBuildFile; fileRef = 2821BD111B256C8A009B69D3 /* NSLayoutConstraint+MASDebugAdditions.m */; };
		2821BD1E1B256C8A009B69D3 /* View+MASAdditions.m in Sources */ = {isa = PBXBuildFile; fileRef = 2821BD131B256C8A009B69D3 /* View+MASAdditions.m */; };
		284408B01B4FC4810063ABC1 /* MPMazeBox.m in Sources */ = {isa = PBXBuildFile; fileRef = 284408AF1B4FC4810063ABC1 /* MPMazeBox.m */; };
		2844BE781B30478700E7CD68 /* MPMazeFloor.m in Sources */ = {isa = PBXBuildFile; fileRef = 2844BE771B30478700E7CD68 /* MPMazeFloor.m */; };
		285C98F41B2C2FE400EBCF1F /* MPPhysicsWorldViewController.m in Sources */ = {isa = PBXBuildFile; fileRef = 285C98F31B2C2FE400EBCF1F /* MPPhysicsWorldViewController.m */; };
		28ABAD241B539FE80081CA3F /* MPGameShankView.m in Sources */ = {isa = PBXBuildFile; fileRef = 28ABAD231B539FE80081CA3F /* MPGameShankView.m */; };
		28C7CF301B255DAA0069C110 /* MPHomeCollectionView.m in Sources */ = {isa = PBXBuildFile; fileRef = 28C7CF2F1B255DAA0069C110 /* MPHomeCollectionView.m */; };
		28C7CF331B2564550069C110 /* MPMobileShellModel.m in Sources */ = {isa = PBXBuildFile; fileRef = 28C7CF321B2564550069C110 /* MPMobileShellModel.m */; };
/* End PBXBuildFile section */

/* Begin PBXContainerItemProxy section */
		18E4D73F1AD5836200A4FF2E /* PBXContainerItemProxy */ = {
			isa = PBXContainerItemProxy;
			containerPortal = 18E4D71B1AD5836100A4FF2E /* Project object */;
			proxyType = 1;
			remoteGlobalIDString = 18E4D7221AD5836100A4FF2E;
			remoteInfo = MobilePrint;
		};
/* End PBXContainerItemProxy section */

/* Begin PBXFileReference section */
		18E4D7231AD5836100A4FF2E /* MobilePrint.app */ = {isa = PBXFileReference; explicitFileType = wrapper.application; includeInIndex = 0; path = MobilePrint.app; sourceTree = BUILT_PRODUCTS_DIR; };
		18E4D7271AD5836100A4FF2E /* Info.plist */ = {isa = PBXFileReference; lastKnownFileType = text.plist.xml; path = Info.plist; sourceTree = "<group>"; };
		18E4D7281AD5836100A4FF2E /* main.m */ = {isa = PBXFileReference; lastKnownFileType = sourcecode.c.objc; path = main.m; sourceTree = "<group>"; };
		18E4D72A1AD5836100A4FF2E /* AppDelegate.h */ = {isa = PBXFileReference; lastKnownFileType = sourcecode.c.h; path = AppDelegate.h; sourceTree = "<group>"; };
		18E4D72B1AD5836100A4FF2E /* AppDelegate.m */ = {isa = PBXFileReference; lastKnownFileType = sourcecode.c.objc; path = AppDelegate.m; sourceTree = "<group>"; };
		18E4D72D1AD5836200A4FF2E /* art.scnassets */ = {isa = PBXFileReference; lastKnownFileType = wrapper.scnassets; path = art.scnassets; sourceTree = "<group>"; };
		18E4D7351AD5836200A4FF2E /* Images.xcassets */ = {isa = PBXFileReference; lastKnownFileType = folder.assetcatalog; path = Images.xcassets; sourceTree = "<group>"; };
		18E4D73E1AD5836200A4FF2E /* MobilePrintTests.xctest */ = {isa = PBXFileReference; explicitFileType = wrapper.cfbundle; includeInIndex = 0; path = MobilePrintTests.xctest; sourceTree = BUILT_PRODUCTS_DIR; };
		18E4D7431AD5836200A4FF2E /* Info.plist */ = {isa = PBXFileReference; lastKnownFileType = text.plist.xml; path = Info.plist; sourceTree = "<group>"; };
		18E4D7441AD5836200A4FF2E /* MobilePrintTests.m */ = {isa = PBXFileReference; lastKnownFileType = sourcecode.c.objc; path = MobilePrintTests.m; sourceTree = "<group>"; };
		18E4D7581AD588E900A4FF2E /* MPTabBarController.h */ = {isa = PBXFileReference; fileEncoding = 4; lastKnownFileType = sourcecode.c.h; path = MPTabBarController.h; sourceTree = "<group>"; };
		18E4D7591AD588E900A4FF2E /* MPTabBarController.m */ = {isa = PBXFileReference; fileEncoding = 4; lastKnownFileType = sourcecode.c.objc; path = MPTabBarController.m; sourceTree = "<group>"; };
		18E4D75B1AD5890100A4FF2E /* MPBasicViewController.h */ = {isa = PBXFileReference; fileEncoding = 4; lastKnownFileType = sourcecode.c.h; path = MPBasicViewController.h; sourceTree = "<group>"; };
		18E4D75C1AD5890100A4FF2E /* MPBasicViewController.m */ = {isa = PBXFileReference; fileEncoding = 4; lastKnownFileType = sourcecode.c.objc; path = MPBasicViewController.m; sourceTree = "<group>"; };
		18E4D75E1AD5893000A4FF2E /* MPBasicModel.h */ = {isa = PBXFileReference; fileEncoding = 4; lastKnownFileType = sourcecode.c.h; path = MPBasicModel.h; sourceTree = "<group>"; };
		18E4D75F1AD5893000A4FF2E /* MPBasicModel.m */ = {isa = PBXFileReference; fileEncoding = 4; lastKnownFileType = sourcecode.c.objc; path = MPBasicModel.m; sourceTree = "<group>"; };
		18E4D7611AD5895B00A4FF2E /* MPHomeViewController.h */ = {isa = PBXFileReference; fileEncoding = 4; lastKnownFileType = sourcecode.c.h; path = MPHomeViewController.h; sourceTree = "<group>"; };
		18E4D7621AD5895B00A4FF2E /* MPHomeViewController.m */ = {isa = PBXFileReference; fileEncoding = 4; lastKnownFileType = sourcecode.c.objc; path = MPHomeViewController.m; sourceTree = "<group>"; };
		18E4D7691AD58DE000A4FF2E /* MPDrawBoardViewController.h */ = {isa = PBXFileReference; fileEncoding = 4; lastKnownFileType = sourcecode.c.h; path = MPDrawBoardViewController.h; sourceTree = "<group>"; };
		18E4D76A1AD58DE000A4FF2E /* MPDrawBoardViewController.m */ = {isa = PBXFileReference; fileEncoding = 4; lastKnownFileType = sourcecode.c.objc; path = MPDrawBoardViewController.m; sourceTree = "<group>"; };
		2821BCF81B256828009B69D3 /* MPHomeCollectionCell.h */ = {isa = PBXFileReference; fileEncoding = 4; lastKnownFileType = sourcecode.c.h; path = MPHomeCollectionCell.h; sourceTree = "<group>"; };
		2821BCF91B256828009B69D3 /* MPHomeCollectionCell.m */ = {isa = PBXFileReference; fileEncoding = 4; lastKnownFileType = sourcecode.c.objc; path = MPHomeCollectionCell.m; sourceTree = "<group>"; };
		2821BCFD1B256C8A009B69D3 /* Info.plist */ = {isa = PBXFileReference; fileEncoding = 4; lastKnownFileType = text.plist.xml; path = Info.plist; sourceTree = "<group>"; };
		2821BCFE1B256C8A009B69D3 /* MASCompositeConstraint.h */ = {isa = PBXFileReference; fileEncoding = 4; lastKnownFileType = sourcecode.c.h; path = MASCompositeConstraint.h; sourceTree = "<group>"; };
		2821BCFF1B256C8A009B69D3 /* MASCompositeConstraint.m */ = {isa = PBXFileReference; fileEncoding = 4; lastKnownFileType = sourcecode.c.objc; path = MASCompositeConstraint.m; sourceTree = "<group>"; };
		2821BD001B256C8A009B69D3 /* MASConstraint+Private.h */ = {isa = PBXFileReference; fileEncoding = 4; lastKnownFileType = sourcecode.c.h; path = "MASConstraint+Private.h"; sourceTree = "<group>"; };
		2821BD011B256C8A009B69D3 /* MASConstraint.h */ = {isa = PBXFileReference; fileEncoding = 4; lastKnownFileType = sourcecode.c.h; path = MASConstraint.h; sourceTree = "<group>"; };
		2821BD021B256C8A009B69D3 /* MASConstraint.m */ = {isa = PBXFileReference; fileEncoding = 4; lastKnownFileType = sourcecode.c.objc; path = MASConstraint.m; sourceTree = "<group>"; };
		2821BD031B256C8A009B69D3 /* MASConstraintMaker.h */ = {isa = PBXFileReference; fileEncoding = 4; lastKnownFileType = sourcecode.c.h; path = MASConstraintMaker.h; sourceTree = "<group>"; };
		2821BD041B256C8A009B69D3 /* MASConstraintMaker.m */ = {isa = PBXFileReference; fileEncoding = 4; lastKnownFileType = sourcecode.c.objc; path = MASConstraintMaker.m; sourceTree = "<group>"; };
		2821BD051B256C8A009B69D3 /* MASLayoutConstraint.h */ = {isa = PBXFileReference; fileEncoding = 4; lastKnownFileType = sourcecode.c.h; path = MASLayoutConstraint.h; sourceTree = "<group>"; };
		2821BD061B256C8A009B69D3 /* MASLayoutConstraint.m */ = {isa = PBXFileReference; fileEncoding = 4; lastKnownFileType = sourcecode.c.objc; path = MASLayoutConstraint.m; sourceTree = "<group>"; };
		2821BD071B256C8A009B69D3 /* Masonry.h */ = {isa = PBXFileReference; fileEncoding = 4; lastKnownFileType = sourcecode.c.h; path = Masonry.h; sourceTree = "<group>"; };
		2821BD081B256C8A009B69D3 /* MASUtilities.h */ = {isa = PBXFileReference; fileEncoding = 4; lastKnownFileType = sourcecode.c.h; path = MASUtilities.h; sourceTree = "<group>"; };
		2821BD091B256C8A009B69D3 /* MASViewAttribute.h */ = {isa = PBXFileReference; fileEncoding = 4; lastKnownFileType = sourcecode.c.h; path = MASViewAttribute.h; sourceTree = "<group>"; };
		2821BD0A1B256C8A009B69D3 /* MASViewAttribute.m */ = {isa = PBXFileReference; fileEncoding = 4; lastKnownFileType = sourcecode.c.objc; path = MASViewAttribute.m; sourceTree = "<group>"; };
		2821BD0B1B256C8A009B69D3 /* MASViewConstraint.h */ = {isa = PBXFileReference; fileEncoding = 4; lastKnownFileType = sourcecode.c.h; path = MASViewConstraint.h; sourceTree = "<group>"; };
		2821BD0C1B256C8A009B69D3 /* MASViewConstraint.m */ = {isa = PBXFileReference; fileEncoding = 4; lastKnownFileType = sourcecode.c.objc; path = MASViewConstraint.m; sourceTree = "<group>"; };
		2821BD0D1B256C8A009B69D3 /* NSArray+MASAdditions.h */ = {isa = PBXFileReference; fileEncoding = 4; lastKnownFileType = sourcecode.c.h; path = "NSArray+MASAdditions.h"; sourceTree = "<group>"; };
		2821BD0E1B256C8A009B69D3 /* NSArray+MASAdditions.m */ = {isa = PBXFileReference; fileEncoding = 4; lastKnownFileType = sourcecode.c.objc; path = "NSArray+MASAdditions.m"; sourceTree = "<group>"; };
		2821BD0F1B256C8A009B69D3 /* NSArray+MASShorthandAdditions.h */ = {isa = PBXFileReference; fileEncoding = 4; lastKnownFileType = sourcecode.c.h; path = "NSArray+MASShorthandAdditions.h"; sourceTree = "<group>"; };
		2821BD101B256C8A009B69D3 /* NSLayoutConstraint+MASDebugAdditions.h */ = {isa = PBXFileReference; fileEncoding = 4; lastKnownFileType = sourcecode.c.h; path = "NSLayoutConstraint+MASDebugAdditions.h"; sourceTree = "<group>"; };
		2821BD111B256C8A009B69D3 /* NSLayoutConstraint+MASDebugAdditions.m */ = {isa = PBXFileReference; fileEncoding = 4; lastKnownFileType = sourcecode.c.objc; path = "NSLayoutConstraint+MASDebugAdditions.m"; sourceTree = "<group>"; };
		2821BD121B256C8A009B69D3 /* View+MASAdditions.h */ = {isa = PBXFileReference; fileEncoding = 4; lastKnownFileType = sourcecode.c.h; path = "View+MASAdditions.h"; sourceTree = "<group>"; };
		2821BD131B256C8A009B69D3 /* View+MASAdditions.m */ = {isa = PBXFileReference; fileEncoding = 4; lastKnownFileType = sourcecode.c.objc; path = "View+MASAdditions.m"; sourceTree = "<group>"; };
		2821BD141B256C8A009B69D3 /* View+MASShorthandAdditions.h */ = {isa = PBXFileReference; fileEncoding = 4; lastKnownFileType = sourcecode.c.h; path = "View+MASShorthandAdditions.h"; sourceTree = "<group>"; };
		284408AE1B4FC4810063ABC1 /* MPMazeBox.h */ = {isa = PBXFileReference; fileEncoding = 4; lastKnownFileType = sourcecode.c.h; path = MPMazeBox.h; sourceTree = "<group>"; };
		284408AF1B4FC4810063ABC1 /* MPMazeBox.m */ = {isa = PBXFileReference; fileEncoding = 4; lastKnownFileType = sourcecode.c.objc; path = MPMazeBox.m; sourceTree = "<group>"; };
		2844BE761B30478700E7CD68 /* MPMazeFloor.h */ = {isa = PBXFileReference; fileEncoding = 4; lastKnownFileType = sourcecode.c.h; path = MPMazeFloor.h; sourceTree = "<group>"; };
		2844BE771B30478700E7CD68 /* MPMazeFloor.m */ = {isa = PBXFileReference; fileEncoding = 4; lastKnownFileType = sourcecode.c.objc; path = MPMazeFloor.m; sourceTree = "<group>"; };
		285C98F21B2C2FE400EBCF1F /* MPPhysicsWorldViewController.h */ = {isa = PBXFileReference; fileEncoding = 4; lastKnownFileType = sourcecode.c.h; path = MPPhysicsWorldViewController.h; sourceTree = "<group>"; };
		285C98F31B2C2FE400EBCF1F /* MPPhysicsWorldViewController.m */ = {isa = PBXFileReference; fileEncoding = 4; lastKnownFileType = sourcecode.c.objc; path = MPPhysicsWorldViewController.m; sourceTree = "<group>"; };
		28ABAD221B539FE80081CA3F /* MPGameShankView.h */ = {isa = PBXFileReference; fileEncoding = 4; lastKnownFileType = sourcecode.c.h; path = MPGameShankView.h; sourceTree = "<group>"; };
		28ABAD231B539FE80081CA3F /* MPGameShankView.m */ = {isa = PBXFileReference; fileEncoding = 4; lastKnownFileType = sourcecode.c.objc; path = MPGameShankView.m; sourceTree = "<group>"; };
		28C7CF2E1B255DAA0069C110 /* MPHomeCollectionView.h */ = {isa = PBXFileReference; fileEncoding = 4; lastKnownFileType = sourcecode.c.h; path = MPHomeCollectionView.h; sourceTree = "<group>"; };
		28C7CF2F1B255DAA0069C110 /* MPHomeCollectionView.m */ = {isa = PBXFileReference; fileEncoding = 4; lastKnownFileType = sourcecode.c.objc; path = MPHomeCollectionView.m; sourceTree = "<group>"; };
		28C7CF311B2564550069C110 /* MPMobileShellModel.h */ = {isa = PBXFileReference; fileEncoding = 4; lastKnownFileType = sourcecode.c.h; path = MPMobileShellModel.h; sourceTree = "<group>"; };
		28C7CF321B2564550069C110 /* MPMobileShellModel.m */ = {isa = PBXFileReference; fileEncoding = 4; lastKnownFileType = sourcecode.c.objc; path = MPMobileShellModel.m; sourceTree = "<group>"; };
/* End PBXFileReference section */

/* Begin PBXFrameworksBuildPhase section */
		18E4D7201AD5836100A4FF2E /* Frameworks */ = {
			isa = PBXFrameworksBuildPhase;
			buildActionMask = 2147483647;
			files = (
			);
			runOnlyForDeploymentPostprocessing = 0;
		};
		18E4D73B1AD5836200A4FF2E /* Frameworks */ = {
			isa = PBXFrameworksBuildPhase;
			buildActionMask = 2147483647;
			files = (
			);
			runOnlyForDeploymentPostprocessing = 0;
		};
/* End PBXFrameworksBuildPhase section */

/* Begin PBXGroup section */
		18E4D71A1AD5836100A4FF2E = {
			isa = PBXGroup;
			children = (
				18E4D7251AD5836100A4FF2E /* MobilePrint */,
				18E4D7411AD5836200A4FF2E /* MobilePrintTests */,
				18E4D7241AD5836100A4FF2E /* Products */,
			);
			sourceTree = "<group>";
		};
		18E4D7241AD5836100A4FF2E /* Products */ = {
			isa = PBXGroup;
			children = (
				18E4D7231AD5836100A4FF2E /* MobilePrint.app */,
				18E4D73E1AD5836200A4FF2E /* MobilePrintTests.xctest */,
			);
			name = Products;
			sourceTree = "<group>";
		};
		18E4D7251AD5836100A4FF2E /* MobilePrint */ = {
			isa = PBXGroup;
			children = (
				18E4D74E1AD5857600A4FF2E /* MPBasicClass */,
				18E4D7531AD5857600A4FF2E /* MPHome */,
				18E4D7641AD58DAC00A4FF2E /* MPDrawBoard */,
				285C98EC1B2C2F7C00EBCF1F /* MPPhysicsWorld */,
				2821BCFB1B256C8A009B69D3 /* Thirdparty */,
				18E4D72A1AD5836100A4FF2E /* AppDelegate.h */,
				18E4D72B1AD5836100A4FF2E /* AppDelegate.m */,
				18E4D72D1AD5836200A4FF2E /* art.scnassets */,
				18E4D7351AD5836200A4FF2E /* Images.xcassets */,
				18E4D7261AD5836100A4FF2E /* Supporting Files */,
			);
			path = MobilePrint;
			sourceTree = "<group>";
		};
		18E4D7261AD5836100A4FF2E /* Supporting Files */ = {
			isa = PBXGroup;
			children = (
				18E4D7271AD5836100A4FF2E /* Info.plist */,
				18E4D7281AD5836100A4FF2E /* main.m */,
			);
			name = "Supporting Files";
			sourceTree = "<group>";
		};
		18E4D7411AD5836200A4FF2E /* MobilePrintTests */ = {
			isa = PBXGroup;
			children = (
				18E4D7441AD5836200A4FF2E /* MobilePrintTests.m */,
				18E4D7421AD5836200A4FF2E /* Supporting Files */,
			);
			path = MobilePrintTests;
			sourceTree = "<group>";
		};
		18E4D7421AD5836200A4FF2E /* Supporting Files */ = {
			isa = PBXGroup;
			children = (
				18E4D7431AD5836200A4FF2E /* Info.plist */,
			);
			name = "Supporting Files";
			sourceTree = "<group>";
		};
		18E4D74E1AD5857600A4FF2E /* MPBasicClass */ = {
			isa = PBXGroup;
			children = (
				18E4D74F1AD5857600A4FF2E /* Model */,
				18E4D7501AD5857600A4FF2E /* Resources */,
				18E4D7511AD5857600A4FF2E /* View */,
				18E4D7521AD5857600A4FF2E /* ViewController */,
			);
			path = MPBasicClass;
			sourceTree = "<group>";
		};
		18E4D74F1AD5857600A4FF2E /* Model */ = {
			isa = PBXGroup;
			children = (
				18E4D75E1AD5893000A4FF2E /* MPBasicModel.h */,
				18E4D75F1AD5893000A4FF2E /* MPBasicModel.m */,
			);
			path = Model;
			sourceTree = "<group>";
		};
		18E4D7501AD5857600A4FF2E /* Resources */ = {
			isa = PBXGroup;
			children = (
			);
			path = Resources;
			sourceTree = "<group>";
		};
		18E4D7511AD5857600A4FF2E /* View */ = {
			isa = PBXGroup;
			children = (
				28ABAD221B539FE80081CA3F /* MPGameShankView.h */,
				28ABAD231B539FE80081CA3F /* MPGameShankView.m */,
			);
			path = View;
			sourceTree = "<group>";
		};
		18E4D7521AD5857600A4FF2E /* ViewController */ = {
			isa = PBXGroup;
			children = (
				18E4D7581AD588E900A4FF2E /* MPTabBarController.h */,
				18E4D7591AD588E900A4FF2E /* MPTabBarController.m */,
				18E4D75B1AD5890100A4FF2E /* MPBasicViewController.h */,
				18E4D75C1AD5890100A4FF2E /* MPBasicViewController.m */,
			);
			path = ViewController;
			sourceTree = "<group>";
		};
		18E4D7531AD5857600A4FF2E /* MPHome */ = {
			isa = PBXGroup;
			children = (
				18E4D7541AD5857600A4FF2E /* Model */,
				18E4D7551AD5857600A4FF2E /* Resources */,
				18E4D7561AD5857600A4FF2E /* View */,
				18E4D7571AD5857600A4FF2E /* ViewController */,
			);
			path = MPHome;
			sourceTree = "<group>";
		};
		18E4D7541AD5857600A4FF2E /* Model */ = {
			isa = PBXGroup;
			children = (
				28C7CF311B2564550069C110 /* MPMobileShellModel.h */,
				28C7CF321B2564550069C110 /* MPMobileShellModel.m */,
			);
			path = Model;
			sourceTree = "<group>";
		};
		18E4D7551AD5857600A4FF2E /* Resources */ = {
			isa = PBXGroup;
			children = (
			);
			path = Resources;
			sourceTree = "<group>";
		};
		18E4D7561AD5857600A4FF2E /* View */ = {
			isa = PBXGroup;
			children = (
				28C7CF361B2565920069C110 /* Cell */,
				28C7CF2E1B255DAA0069C110 /* MPHomeCollectionView.h */,
				28C7CF2F1B255DAA0069C110 /* MPHomeCollectionView.m */,
			);
			path = View;
			sourceTree = "<group>";
		};
		18E4D7571AD5857600A4FF2E /* ViewController */ = {
			isa = PBXGroup;
			children = (
				18E4D7611AD5895B00A4FF2E /* MPHomeViewController.h */,
				18E4D7621AD5895B00A4FF2E /* MPHomeViewController.m */,
			);
			path = ViewController;
			sourceTree = "<group>";
		};
		18E4D7641AD58DAC00A4FF2E /* MPDrawBoard */ = {
			isa = PBXGroup;
			children = (
				18E4D7651AD58DAC00A4FF2E /* Model */,
				18E4D7661AD58DAC00A4FF2E /* Resources */,
				18E4D7671AD58DAC00A4FF2E /* View */,
				18E4D7681AD58DAC00A4FF2E /* ViewController */,
			);
			path = MPDrawBoard;
			sourceTree = "<group>";
		};
		18E4D7651AD58DAC00A4FF2E /* Model */ = {
			isa = PBXGroup;
			children = (
			);
			path = Model;
			sourceTree = "<group>";
		};
		18E4D7661AD58DAC00A4FF2E /* Resources */ = {
			isa = PBXGroup;
			children = (
			);
			path = Resources;
			sourceTree = "<group>";
		};
		18E4D7671AD58DAC00A4FF2E /* View */ = {
			isa = PBXGroup;
			children = (
			);
			path = View;
			sourceTree = "<group>";
		};
		18E4D7681AD58DAC00A4FF2E /* ViewController */ = {
			isa = PBXGroup;
			children = (
				18E4D7691AD58DE000A4FF2E /* MPDrawBoardViewController.h */,
				18E4D76A1AD58DE000A4FF2E /* MPDrawBoardViewController.m */,
			);
			path = ViewController;
			sourceTree = "<group>";
		};
		2821BCFB1B256C8A009B69D3 /* Thirdparty */ = {
			isa = PBXGroup;
			children = (
				2821BCFC1B256C8A009B69D3 /* Masonry */,
			);
			path = Thirdparty;
			sourceTree = "<group>";
		};
		2821BCFC1B256C8A009B69D3 /* Masonry */ = {
			isa = PBXGroup;
			children = (
				2821BCFD1B256C8A009B69D3 /* Info.plist */,
				2821BCFE1B256C8A009B69D3 /* MASCompositeConstraint.h */,
				2821BCFF1B256C8A009B69D3 /* MASCompositeConstraint.m */,
				2821BD001B256C8A009B69D3 /* MASConstraint+Private.h */,
				2821BD011B256C8A009B69D3 /* MASConstraint.h */,
				2821BD021B256C8A009B69D3 /* MASConstraint.m */,
				2821BD031B256C8A009B69D3 /* MASConstraintMaker.h */,
				2821BD041B256C8A009B69D3 /* MASConstraintMaker.m */,
				2821BD051B256C8A009B69D3 /* MASLayoutConstraint.h */,
				2821BD061B256C8A009B69D3 /* MASLayoutConstraint.m */,
				2821BD071B256C8A009B69D3 /* Masonry.h */,
				2821BD081B256C8A009B69D3 /* MASUtilities.h */,
				2821BD091B256C8A009B69D3 /* MASViewAttribute.h */,
				2821BD0A1B256C8A009B69D3 /* MASViewAttribute.m */,
				2821BD0B1B256C8A009B69D3 /* MASViewConstraint.h */,
				2821BD0C1B256C8A009B69D3 /* MASViewConstraint.m */,
				2821BD0D1B256C8A009B69D3 /* NSArray+MASAdditions.h */,
				2821BD0E1B256C8A009B69D3 /* NSArray+MASAdditions.m */,
				2821BD0F1B256C8A009B69D3 /* NSArray+MASShorthandAdditions.h */,
				2821BD101B256C8A009B69D3 /* NSLayoutConstraint+MASDebugAdditions.h */,
				2821BD111B256C8A009B69D3 /* NSLayoutConstraint+MASDebugAdditions.m */,
				2821BD121B256C8A009B69D3 /* View+MASAdditions.h */,
				2821BD131B256C8A009B69D3 /* View+MASAdditions.m */,
				2821BD141B256C8A009B69D3 /* View+MASShorthandAdditions.h */,
			);
			path = Masonry;
			sourceTree = "<group>";
		};
		2844BE751B30476000E7CD68 /* Scene */ = {
			isa = PBXGroup;
			children = (
				2844BE761B30478700E7CD68 /* MPMazeFloor.h */,
				2844BE771B30478700E7CD68 /* MPMazeFloor.m */,
				284408AE1B4FC4810063ABC1 /* MPMazeBox.h */,
				284408AF1B4FC4810063ABC1 /* MPMazeBox.m */,
			);
			path = Scene;
			sourceTree = "<group>";
		};
		285C98EC1B2C2F7C00EBCF1F /* MPPhysicsWorld */ = {
			isa = PBXGroup;
			children = (
				285C98ED1B2C2F7C00EBCF1F /* Model */,
				285C98EE1B2C2F7C00EBCF1F /* Other */,
				285C98EF1B2C2F7C00EBCF1F /* Resources */,
				285C98F01B2C2F7C00EBCF1F /* View */,
				285C98F11B2C2F7C00EBCF1F /* ViewController */,
			);
			path = MPPhysicsWorld;
			sourceTree = "<group>";
		};
		285C98ED1B2C2F7C00EBCF1F /* Model */ = {
			isa = PBXGroup;
			children = (
			);
			path = Model;
			sourceTree = "<group>";
		};
		285C98EE1B2C2F7C00EBCF1F /* Other */ = {
			isa = PBXGroup;
			children = (
			);
			path = Other;
			sourceTree = "<group>";
		};
		285C98EF1B2C2F7C00EBCF1F /* Resources */ = {
			isa = PBXGroup;
			children = (
			);
			path = Resources;
			sourceTree = "<group>";
		};
		285C98F01B2C2F7C00EBCF1F /* View */ = {
			isa = PBXGroup;
			children = (
				2844BE751B30476000E7CD68 /* Scene */,
			);
			path = View;
			sourceTree = "<group>";
		};
		285C98F11B2C2F7C00EBCF1F /* ViewController */ = {
			isa = PBXGroup;
			children = (
				285C98F21B2C2FE400EBCF1F /* MPPhysicsWorldViewController.h */,
				285C98F31B2C2FE400EBCF1F /* MPPhysicsWorldViewController.m */,
			);
			path = ViewController;
			sourceTree = "<group>";
		};
		28C7CF361B2565920069C110 /* Cell */ = {
			isa = PBXGroup;
			children = (
				2821BCF81B256828009B69D3 /* MPHomeCollectionCell.h */,
				2821BCF91B256828009B69D3 /* MPHomeCollectionCell.m */,
			);
			path = Cell;
			sourceTree = "<group>";
		};
/* End PBXGroup section */

/* Begin PBXNativeTarget section */
		18E4D7221AD5836100A4FF2E /* MobilePrint */ = {
			isa = PBXNativeTarget;
			buildConfigurationList = 18E4D7481AD5836200A4FF2E /* Build configuration list for PBXNativeTarget "MobilePrint" */;
			buildPhases = (
				18E4D71F1AD5836100A4FF2E /* Sources */,
				18E4D7201AD5836100A4FF2E /* Frameworks */,
				18E4D7211AD5836100A4FF2E /* Resources */,
			);
			buildRules = (
			);
			dependencies = (
			);
			name = MobilePrint;
			productName = MobilePrint;
			productReference = 18E4D7231AD5836100A4FF2E /* MobilePrint.app */;
			productType = "com.apple.product-type.application";
		};
		18E4D73D1AD5836200A4FF2E /* MobilePrintTests */ = {
			isa = PBXNativeTarget;
			buildConfigurationList = 18E4D74B1AD5836200A4FF2E /* Build configuration list for PBXNativeTarget "MobilePrintTests" */;
			buildPhases = (
				18E4D73A1AD5836200A4FF2E /* Sources */,
				18E4D73B1AD5836200A4FF2E /* Frameworks */,
				18E4D73C1AD5836200A4FF2E /* Resources */,
			);
			buildRules = (
			);
			dependencies = (
				18E4D7401AD5836200A4FF2E /* PBXTargetDependency */,
			);
			name = MobilePrintTests;
			productName = MobilePrintTests;
			productReference = 18E4D73E1AD5836200A4FF2E /* MobilePrintTests.xctest */;
			productType = "com.apple.product-type.bundle.unit-test";
		};
/* End PBXNativeTarget section */

/* Begin PBXProject section */
		18E4D71B1AD5836100A4FF2E /* Project object */ = {
			isa = PBXProject;
			attributes = {
				LastUpgradeCheck = 0610;
				ORGANIZATIONNAME = GuoYi;
				TargetAttributes = {
					18E4D7221AD5836100A4FF2E = {
						CreatedOnToolsVersion = 6.1.1;
						DevelopmentTeam = 658F9LHEEU;
						SystemCapabilities = {
							com.apple.BackgroundModes = {
								enabled = 1;
							};
						};
					};
					18E4D73D1AD5836200A4FF2E = {
						CreatedOnToolsVersion = 6.1.1;
						DevelopmentTeam = 658F9LHEEU;
						TestTargetID = 18E4D7221AD5836100A4FF2E;
					};
				};
			};
			buildConfigurationList = 18E4D71E1AD5836100A4FF2E /* Build configuration list for PBXProject "MobilePrint" */;
			compatibilityVersion = "Xcode 3.2";
			developmentRegion = English;
			hasScannedForEncodings = 0;
			knownRegions = (
				en,
				Base,
			);
			mainGroup = 18E4D71A1AD5836100A4FF2E;
			productRefGroup = 18E4D7241AD5836100A4FF2E /* Products */;
			projectDirPath = "";
			projectRoot = "";
			targets = (
				18E4D7221AD5836100A4FF2E /* MobilePrint */,
				18E4D73D1AD5836200A4FF2E /* MobilePrintTests */,
			);
		};
/* End PBXProject section */

/* Begin PBXResourcesBuildPhase section */
		18E4D7211AD5836100A4FF2E /* Resources */ = {
			isa = PBXResourcesBuildPhase;
			buildActionMask = 2147483647;
			files = (
				18E4D7361AD5836200A4FF2E /* Images.xcassets in Resources */,
				18E4D72E1AD5836200A4FF2E /* art.scnassets in Resources */,
				2821BD151B256C8A009B69D3 /* Info.plist in Resources */,
			);
			runOnlyForDeploymentPostprocessing = 0;
		};
		18E4D73C1AD5836200A4FF2E /* Resources */ = {
			isa = PBXResourcesBuildPhase;
			buildActionMask = 2147483647;
			files = (
			);
			runOnlyForDeploymentPostprocessing = 0;
		};
/* End PBXResourcesBuildPhase section */

/* Begin PBXSourcesBuildPhase section */
		18E4D71F1AD5836100A4FF2E /* Sources */ = {
			isa = PBXSourcesBuildPhase;
			buildActionMask = 2147483647;
			files = (
				18E4D76B1AD58DE000A4FF2E /* MPDrawBoardViewController.m in Sources */,
				28C7CF301B255DAA0069C110 /* MPHomeCollectionView.m in Sources */,
				18E4D75A1AD588E900A4FF2E /* MPTabBarController.m in Sources */,
				18E4D7601AD5893000A4FF2E /* MPBasicModel.m in Sources */,
				2821BD161B256C8A009B69D3 /* MASCompositeConstraint.m in Sources */,
				18E4D72C1AD5836100A4FF2E /* AppDelegate.m in Sources */,
				2821BD1B1B256C8A009B69D3 /* MASViewConstraint.m in Sources */,
				2821BD1E1B256C8A009B69D3 /* View+MASAdditions.m in Sources */,
				285C98F41B2C2FE400EBCF1F /* MPPhysicsWorldViewController.m in Sources */,
				2821BD1D1B256C8A009B69D3 /* NSLayoutConstraint+MASDebugAdditions.m in Sources */,
				2821BD191B256C8A009B69D3 /* MASLayoutConstraint.m in Sources */,
				2821BD181B256C8A009B69D3 /* MASConstraintMaker.m in Sources */,
				18E4D75D1AD5890100A4FF2E /* MPBasicViewController.m in Sources */,
				284408B01B4FC4810063ABC1 /* MPMazeBox.m in Sources */,
				18E4D7291AD5836100A4FF2E /* main.m in Sources */,
				18E4D7631AD5895B00A4FF2E /* MPHomeViewController.m in Sources */,
				2821BCFA1B256828009B69D3 /* MPHomeCollectionCell.m in Sources */,
				2821BD1C1B256C8A009B69D3 /* NSArray+MASAdditions.m in Sources */,
				2844BE781B30478700E7CD68 /* MPMazeFloor.m in Sources */,
				2821BD1A1B256C8A009B69D3 /* MASViewAttribute.m in Sources */,
				28ABAD241B539FE80081CA3F /* MPGameShankView.m in Sources */,
				28C7CF331B2564550069C110 /* MPMobileShellModel.m in Sources */,
				2821BD171B256C8A009B69D3 /* MASConstraint.m in Sources */,
			);
			runOnlyForDeploymentPostprocessing = 0;
		};
		18E4D73A1AD5836200A4FF2E /* Sources */ = {
			isa = PBXSourcesBuildPhase;
			buildActionMask = 2147483647;
			files = (
				18E4D7451AD5836200A4FF2E /* MobilePrintTests.m in Sources */,
			);
			runOnlyForDeploymentPostprocessing = 0;
		};
/* End PBXSourcesBuildPhase section */

/* Begin PBXTargetDependency section */
		18E4D7401AD5836200A4FF2E /* PBXTargetDependency */ = {
			isa = PBXTargetDependency;
			target = 18E4D7221AD5836100A4FF2E /* MobilePrint */;
			targetProxy = 18E4D73F1AD5836200A4FF2E /* PBXContainerItemProxy */;
		};
/* End PBXTargetDependency section */

/* Begin XCBuildConfiguration section */
		18E4D7461AD5836200A4FF2E /* Debug */ = {
			isa = XCBuildConfiguration;
			buildSettings = {
				ALWAYS_SEARCH_USER_PATHS = NO;
				CLANG_CXX_LANGUAGE_STANDARD = "gnu++0x";
				CLANG_CXX_LIBRARY = "libc++";
				CLANG_ENABLE_MODULES = YES;
				CLANG_ENABLE_OBJC_ARC = YES;
				CLANG_WARN_BOOL_CONVERSION = YES;
				CLANG_WARN_CONSTANT_CONVERSION = YES;
				CLANG_WARN_DIRECT_OBJC_ISA_USAGE = YES_ERROR;
				CLANG_WARN_EMPTY_BODY = YES;
				CLANG_WARN_ENUM_CONVERSION = YES;
				CLANG_WARN_INT_CONVERSION = YES;
				CLANG_WARN_OBJC_ROOT_CLASS = YES_ERROR;
				CLANG_WARN_UNREACHABLE_CODE = YES;
				CLANG_WARN__DUPLICATE_METHOD_MATCH = YES;
				"CODE_SIGN_IDENTITY[sdk=iphoneos*]" = "iPhone Developer";
				COPY_PHASE_STRIP = NO;
				ENABLE_STRICT_OBJC_MSGSEND = YES;
				GCC_C_LANGUAGE_STANDARD = gnu99;
				GCC_DYNAMIC_NO_PIC = NO;
				GCC_OPTIMIZATION_LEVEL = 0;
				GCC_PREPROCESSOR_DEFINITIONS = (
					"DEBUG=1",
					"$(inherited)",
				);
				GCC_SYMBOLS_PRIVATE_EXTERN = NO;
				GCC_WARN_64_TO_32_BIT_CONVERSION = YES;
				GCC_WARN_ABOUT_RETURN_TYPE = YES_ERROR;
				GCC_WARN_UNDECLARED_SELECTOR = YES;
				GCC_WARN_UNINITIALIZED_AUTOS = YES_AGGRESSIVE;
				GCC_WARN_UNUSED_FUNCTION = YES;
				GCC_WARN_UNUSED_VARIABLE = YES;
				IPHONEOS_DEPLOYMENT_TARGET = 8.1;
				MTL_ENABLE_DEBUG_INFO = YES;
				ONLY_ACTIVE_ARCH = YES;
				SDKROOT = iphoneos;
			};
			name = Debug;
		};
		18E4D7471AD5836200A4FF2E /* Release */ = {
			isa = XCBuildConfiguration;
			buildSettings = {
				ALWAYS_SEARCH_USER_PATHS = NO;
				CLANG_CXX_LANGUAGE_STANDARD = "gnu++0x";
				CLANG_CXX_LIBRARY = "libc++";
				CLANG_ENABLE_MODULES = YES;
				CLANG_ENABLE_OBJC_ARC = YES;
				CLANG_WARN_BOOL_CONVERSION = YES;
				CLANG_WARN_CONSTANT_CONVERSION = YES;
				CLANG_WARN_DIRECT_OBJC_ISA_USAGE = YES_ERROR;
				CLANG_WARN_EMPTY_BODY = YES;
				CLANG_WARN_ENUM_CONVERSION = YES;
				CLANG_WARN_INT_CONVERSION = YES;
				CLANG_WARN_OBJC_ROOT_CLASS = YES_ERROR;
				CLANG_WARN_UNREACHABLE_CODE = YES;
				CLANG_WARN__DUPLICATE_METHOD_MATCH = YES;
				"CODE_SIGN_IDENTITY[sdk=iphoneos*]" = "iPhone Developer";
				COPY_PHASE_STRIP = YES;
				ENABLE_NS_ASSERTIONS = NO;
				ENABLE_STRICT_OBJC_MSGSEND = YES;
				GCC_C_LANGUAGE_STANDARD = gnu99;
				GCC_WARN_64_TO_32_BIT_CONVERSION = YES;
				GCC_WARN_ABOUT_RETURN_TYPE = YES_ERROR;
				GCC_WARN_UNDECLARED_SELECTOR = YES;
				GCC_WARN_UNINITIALIZED_AUTOS = YES_AGGRESSIVE;
				GCC_WARN_UNUSED_FUNCTION = YES;
				GCC_WARN_UNUSED_VARIABLE = YES;
				IPHONEOS_DEPLOYMENT_TARGET = 8.1;
				MTL_ENABLE_DEBUG_INFO = NO;
				SDKROOT = iphoneos;
				VALIDATE_PRODUCT = YES;
			};
			name = Release;
		};
		18E4D7491AD5836200A4FF2E /* Debug */ = {
			isa = XCBuildConfiguration;
			buildSettings = {
				ASSETCATALOG_COMPILER_APPICON_NAME = AppIcon;
				ASSETCATALOG_COMPILER_LAUNCHIMAGE_NAME = LaunchImage;
				CODE_SIGN_IDENTITY = "iPhone Developer: yang zhao (CYK7YW5E75)";
				"CODE_SIGN_IDENTITY[sdk=iphoneos*]" = "iPhone Developer: yang zhao (CYK7YW5E75)";
				INFOPLIST_FILE = MobilePrint/Info.plist;
				IPHONEOS_DEPLOYMENT_TARGET = 7.0;
				LD_RUNPATH_SEARCH_PATHS = "$(inherited) @executable_path/Frameworks";
				PRODUCT_NAME = "$(TARGET_NAME)";
				PROVISIONING_PROFILE = "a438782f-a2cb-4608-be69-6c4cd60b2c84";
			};
			name = Debug;
		};
		18E4D74A1AD5836200A4FF2E /* Release */ = {
			isa = XCBuildConfiguration;
			buildSettings = {
				ASSETCATALOG_COMPILER_APPICON_NAME = AppIcon;
				ASSETCATALOG_COMPILER_LAUNCHIMAGE_NAME = LaunchImage;
				CODE_SIGN_IDENTITY = "iPhone Developer: yang zhao (CYK7YW5E75)";
				"CODE_SIGN_IDENTITY[sdk=iphoneos*]" = "iPhone Developer: yang zhao (CYK7YW5E75)";
				INFOPLIST_FILE = MobilePrint/Info.plist;
				IPHONEOS_DEPLOYMENT_TARGET = 7.0;
				LD_RUNPATH_SEARCH_PATHS = "$(inherited) @executable_path/Frameworks";
				PRODUCT_NAME = "$(TARGET_NAME)";
				PROVISIONING_PROFILE = "a438782f-a2cb-4608-be69-6c4cd60b2c84";
			};
			name = Release;
		};
		18E4D74C1AD5836200A4FF2E /* Debug */ = {
			isa = XCBuildConfiguration;
			buildSettings = {
				BUNDLE_LOADER = "$(TEST_HOST)";
				CODE_SIGN_IDENTITY = "iPhone Developer";
				"CODE_SIGN_IDENTITY[sdk=iphoneos*]" = "iPhone Developer";
				FRAMEWORK_SEARCH_PATHS = (
					"$(SDKROOT)/Developer/Library/Frameworks",
					"$(inherited)",
				);
				GCC_PREPROCESSOR_DEFINITIONS = (
					"DEBUG=1",
					"$(inherited)",
				);
				INFOPLIST_FILE = MobilePrintTests/Info.plist;
				LD_RUNPATH_SEARCH_PATHS = "$(inherited) @executable_path/Frameworks @loader_path/Frameworks";
				PRODUCT_NAME = "$(TARGET_NAME)";
				PROVISIONING_PROFILE = "";
				TEST_HOST = "$(BUILT_PRODUCTS_DIR)/MobilePrint.app/MobilePrint";
			};
			name = Debug;
		};
		18E4D74D1AD5836200A4FF2E /* Release */ = {
			isa = XCBuildConfiguration;
			buildSettings = {
				BUNDLE_LOADER = "$(TEST_HOST)";
				CODE_SIGN_IDENTITY = "iPhone Developer";
				"CODE_SIGN_IDENTITY[sdk=iphoneos*]" = "iPhone Developer";
				FRAMEWORK_SEARCH_PATHS = (
					"$(SDKROOT)/Developer/Library/Frameworks",
					"$(inherited)",
				);
				INFOPLIST_FILE = MobilePrintTests/Info.plist;
				LD_RUNPATH_SEARCH_PATHS = "$(inherited) @executable_path/Frameworks @loader_path/Frameworks";
				PRODUCT_NAME = "$(TARGET_NAME)";
				PROVISIONING_PROFILE = "";
				TEST_HOST = "$(BUILT_PRODUCTS_DIR)/MobilePrint.app/MobilePrint";
			};
			name = Release;
		};
/* End XCBuildConfiguration section */

/* Begin XCConfigurationList section */
		18E4D71E1AD5836100A4FF2E /* Build configuration list for PBXProject "MobilePrint" */ = {
			isa = XCConfigurationList;
			buildConfigurations = (
				18E4D7461AD5836200A4FF2E /* Debug */,
				18E4D7471AD5836200A4FF2E /* Release */,
			);
			defaultConfigurationIsVisible = 0;
			defaultConfigurationName = Release;
		};
		18E4D7481AD5836200A4FF2E /* Build configuration list for PBXNativeTarget "MobilePrint" */ = {
			isa = XCConfigurationList;
			buildConfigurations = (
				18E4D7491AD5836200A4FF2E /* Debug */,
				18E4D74A1AD5836200A4FF2E /* Release */,
			);
			defaultConfigurationIsVisible = 0;
			defaultConfigurationName = Release;
		};
		18E4D74B1AD5836200A4FF2E /* Build configuration list for PBXNativeTarget "MobilePrintTests" */ = {
			isa = XCConfigurationList;
			buildConfigurations = (
				18E4D74C1AD5836200A4FF2E /* Debug */,
				18E4D74D1AD5836200A4FF2E /* Release */,
			);
			defaultConfigurationIsVisible = 0;
			defaultConfigurationName = Release;
		};
/* End XCConfigurationList section */
	};
	rootObject = 18E4D71B1AD5836100A4FF2E /* Project object */;
}
